
Microsoft Visual Studio Solution File, Format Version 12.00
# Visual Studio Version 16
VisualStudioVersion = 16.0.30128.36
MinimumVisualStudioVersion = 10.0.40219.1
Project("{FAE04EC0-301F-11D3-BF4B-00C04F79EFBC}") = "playingWithVariables", "playingWithVariables\playingWithVariables.csproj", "{773CDB84-A2AD-4C7F-844B-889372FD9CBF}"
EndProject
Global
	GlobalSection(SolutionConfigurationPlatforms) = preSolution
		Debug|Any CPU = Debug|Any CPU
		Release|Any CPU = Release|Any CPU
	EndGlobalSection
	GlobalSection(ProjectConfigurationPlatforms) = postSolution
		{773CDB84-A2AD-4C7F-844B-889372FD9CBF}.Debug|Any CPU.ActiveCfg = Debug|Any CPU
		{773CDB84-A2AD-4C7F-844B-889372FD9CBF}.Debug|Any CPU.Build.0 = Debug|Any CPU
		{773CDB84-A2AD-4C7F-844B-889372FD9CBF}.Release|Any CPU.ActiveCfg = Release|Any CPU
		{773CDB84-A2AD-4C7F-844B-889372FD9CBF}.Release|Any CPU.Build.0 = Release|Any CPU
	EndGlobalSection
	GlobalSection(SolutionProperties) = preSolution
		HideSolutionNode = FALSE
	EndGlobalSection
	GlobalSection(ExtensibilityGlobals) = postSolution
		SolutionGuid = {8298EE09-F226-4598-A7A2-4C9E127C127B}
	EndGlobalSection
EndGlobal
